
Microsoft Visual Studio Solution File, Format Version 12.00
# Visual Studio Version 17
VisualStudioVersion = 17.0.32126.317
MinimumVisualStudioVersion = 10.0.40219.1
Project("{9A19103F-16F7-4668-BE54-9A1E7A4F7556}") = "ShopsRUs.Core", "ShopsRUs.Core\ShopsRUs.Core.csproj", "{9148BA7E-8F0E-4334-B17D-B3B63194834D}"
EndProject
Project("{9A19103F-16F7-4668-BE54-9A1E7A4F7556}") = "ShopsRUs.Repository", "ShopsRUs.Repository\ShopsRUs.Repository.csproj", "{70D717F5-999B-4076-95D0-5EB7E59D40DD}"
EndProject
Project("{9A19103F-16F7-4668-BE54-9A1E7A4F7556}") = "ShopsRUs.Service", "ShopsRUs.Service\ShopsRUs.Service.csproj", "{BF1040FF-3C2B-457D-BE47-76F1648FA09D}"
EndProject
Project("{9A19103F-16F7-4668-BE54-9A1E7A4F7556}") = "ShopsRUs.API", "ShopsRUs.API\ShopsRUs.API.csproj", "{CB7AF5FB-3994-4BCD-A1BA-F13EA893C8BF}"
EndProject
Project("{FAE04EC0-301F-11D3-BF4B-00C04F79EFBC}") = "ShopsRUs.Test", "ShopsRUs.Test\ShopsRUs.Test.csproj", "{E9A7A887-897A-4DF8-9A62-DB6E19BC92F9}"
EndProject
Global
	GlobalSection(SolutionConfigurationPlatforms) = preSolution
		Debug|Any CPU = Debug|Any CPU
		Release|Any CPU = Release|Any CPU
	EndGlobalSection
	GlobalSection(ProjectConfigurationPlatforms) = postSolution
		{9148BA7E-8F0E-4334-B17D-B3B63194834D}.Debug|Any CPU.ActiveCfg = Debug|Any CPU
		{9148BA7E-8F0E-4334-B17D-B3B63194834D}.Debug|Any CPU.Build.0 = Debug|Any CPU
		{9148BA7E-8F0E-4334-B17D-B3B63194834D}.Release|Any CPU.ActiveCfg = Release|Any CPU
		{9148BA7E-8F0E-4334-B17D-B3B63194834D}.Release|Any CPU.Build.0 = Release|Any CPU
		{70D717F5-999B-4076-95D0-5EB7E59D40DD}.Debug|Any CPU.ActiveCfg = Debug|Any CPU
		{70D717F5-999B-4076-95D0-5EB7E59D40DD}.Debug|Any CPU.Build.0 = Debug|Any CPU
		{70D717F5-999B-4076-95D0-5EB7E59D40DD}.Release|Any CPU.ActiveCfg = Release|Any CPU
		{70D717F5-999B-4076-95D0-5EB7E59D40DD}.Release|Any CPU.Build.0 = Release|Any CPU
		{BF1040FF-3C2B-457D-BE47-76F1648FA09D}.Debug|Any CPU.ActiveCfg = Debug|Any CPU
		{BF1040FF-3C2B-457D-BE47-76F1648FA09D}.Debug|Any CPU.Build.0 = Debug|Any CPU
		{BF1040FF-3C2B-457D-BE47-76F1648FA09D}.Release|Any CPU.ActiveCfg = Release|Any CPU
		{BF1040FF-3C2B-457D-BE47-76F1648FA09D}.Release|Any CPU.Build.0 = Release|Any CPU
		{CB7AF5FB-3994-4BCD-A1BA-F13EA893C8BF}.Debug|Any CPU.ActiveCfg = Debug|Any CPU
		{CB7AF5FB-3994-4BCD-A1BA-F13EA893C8BF}.Debug|Any CPU.Build.0 = Debug|Any CPU
		{CB7AF5FB-3994-4BCD-A1BA-F13EA893C8BF}.Release|Any CPU.ActiveCfg = Release|Any CPU
		{CB7AF5FB-3994-4BCD-A1BA-F13EA893C8BF}.Release|Any CPU.Build.0 = Release|Any CPU
		{E9A7A887-897A-4DF8-9A62-DB6E19BC92F9}.Debug|Any CPU.ActiveCfg = Debug|Any CPU
		{E9A7A887-897A-4DF8-9A62-DB6E19BC92F9}.Debug|Any CPU.Build.0 = Debug|Any CPU
		{E9A7A887-897A-4DF8-9A62-DB6E19BC92F9}.Release|Any CPU.ActiveCfg = Release|Any CPU
		{E9A7A887-897A-4DF8-9A62-DB6E19BC92F9}.Release|Any CPU.Build.0 = Release|Any CPU
	EndGlobalSection
	GlobalSection(SolutionProperties) = preSolution
		HideSolutionNode = FALSE
	EndGlobalSection
	GlobalSection(ExtensibilityGlobals) = postSolution
		SolutionGuid = {B24B4B95-D88E-431B-B032-9B2B6DF3E5E0}
	EndGlobalSection
EndGlobal
